lockfileVersion: '9.0'

settings:
  autoInstallPeers: true
  excludeLinksFromLockfile: false

importers:

  .:
    dependencies:
      '@fastify/multipart':
        specifier: ^9.4.0
        version: 9.4.0

packages:

  '@fastify/busboy@3.2.0':
    resolution: {integrity: sha512-m9FVDXU3GT2ITSe0UaMA5rU3QkfC/UXtCU8y0gSN/GugTqtVldOBWIB5V6V3sbmenVZUIpU6f+mPEO2+m5iTaA==}

  '@fastify/deepmerge@3.2.0':
    resolution: {integrity: sha512-aO5giNgFN+rD4fMUAkro9nEL7c9gh5Q3lh0ZGKMDAhQAytf22HLicF/qZ2EYTDmH+XL2WvdazwBfOdmp6NiwBg==}

  '@fastify/error@4.2.0':
    resolution: {integrity: sha512-RSo3sVDXfHskiBZKBPRgnQTtIqpi/7zhJOEmAxCiBcM7d0uwdGdxLlsCaLzGs8v8NnxIRlfG0N51p5yFaOentQ==}

  '@fastify/multipart@9.4.0':
    resolution: {integrity: sha512-Z404bzZeLSXTBmp/trCBuoVFX28pM7rhv849Q5TsbTFZHuk1lc4QjQITTPK92DKVpXmNtJXeHSSc7GYvqFpxAQ==}

  fastify-plugin@5.1.0:
    resolution: {integrity: sha512-FAIDA8eovSt5qcDgcBvDuX/v0Cjz0ohGhENZ/wpc3y+oZCY2afZ9Baqql3g/lC+OHRnciQol4ww7tuthOb9idw==}

  secure-json-parse@4.1.0:
    resolution: {integrity: sha512-l4KnYfEyqYJxDwlNVyRfO2E4NTHfMKAWdUuA8J0yve2Dz/E/PdBepY03RvyJpssIpRFwJoCD55wA+mEDs6ByWA==}

snapshots:

  '@fastify/busboy@3.2.0': {}

  '@fastify/deepmerge@3.2.0': {}

  '@fastify/error@4.2.0': {}

  '@fastify/multipart@9.4.0':
    dependencies:
      '@fastify/busboy': 3.2.0
      '@fastify/deepmerge': 3.2.0
      '@fastify/error': 4.2.0
      fastify-plugin: 5.1.0
      secure-json-parse: 4.1.0

  fastify-plugin@5.1.0: {}

  secure-json-parse@4.1.0: {}
